// !$*UTF8*$!
{
	archiveVersion = 1;
	classes = {
	};
	objectVersion = 56;
	objects = {

/* Begin PBXBuildFile section */
		45F7FF812B2D5DCF00171D09 /* MyNewsAppApp.swift in Sources */ = {isa = PBXBuildFile; fileRef = 45F7FF802B2D5DCF00171D09 /* MyNewsAppApp.swift */; };
		45F7FF832B2D5DCF00171D09 /* ContentView.swift in Sources */ = {isa = PBXBuildFile; fileRef = 45F7FF822B2D5DCF00171D09 /* ContentView.swift */; };
		45F7FF852B2D5DD000171D09 /* Assets.xcassets in Resources */ = {isa = PBXBuildFile; fileRef = 45F7FF842B2D5DD000171D09 /* Assets.xcassets */; };
		45F7FF882B2D5DD000171D09 /* Preview Assets.xcassets in Resources */ = {isa = PBXBuildFile; fileRef = 45F7FF872B2D5DD000171D09 /* Preview Assets.xcassets */; };
		45F7FF922B2D5DD100171D09 /* MyNewsAppTests.swift in Sources */ = {isa = PBXBuildFile; fileRef = 45F7FF912B2D5DD100171D09 /* MyNewsAppTests.swift */; };
		45F7FF9C2B2D5DD100171D09 /* MyNewsAppUITests.swift in Sources */ = {isa = PBXBuildFile; fileRef = 45F7FF9B2B2D5DD100171D09 /* MyNewsAppUITests.swift */; };
		45F7FF9E2B2D5DD100171D09 /* MyNewsAppUITestsLaunchTests.swift in Sources */ = {isa = PBXBuildFile; fileRef = 45F7FF9D2B2D5DD100171D09 /* MyNewsAppUITestsLaunchTests.swift */; };
		45F7FFA42B2D5DD100171D09 /* MyNewsApp Watch App.app in Embed Watch Content */ = {isa = PBXBuildFile; fileRef = 45F7FFA32B2D5DD100171D09 /* MyNewsApp Watch App.app */; settings = {ATTRIBUTES = (RemoveHeadersOnCopy, ); }; };
		45F7FFA92B2D5DD100171D09 /* MyNewsAppApp.swift in Sources */ = {isa = PBXBuildFile; fileRef = 45F7FFA82B2D5DD100171D09 /* MyNewsAppApp.swift */; };
		45F7FFAB2B2D5DD100171D09 /* ContentView.swift in Sources */ = {isa = PBXBuildFile; fileRef = 45F7FFAA2B2D5DD100171D09 /* ContentView.swift */; };
		45F7FFAD2B2D5DD100171D09 /* Assets.xcassets in Resources */ = {isa = PBXBuildFile; fileRef = 45F7FFAC2B2D5DD100171D09 /* Assets.xcassets */; };
		45F7FFB02B2D5DD100171D09 /* Preview Assets.xcassets in Resources */ = {isa = PBXBuildFile; fileRef = 45F7FFAF2B2D5DD100171D09 /* Preview Assets.xcassets */; };
		45F7FFBA2B2D5DD200171D09 /* MyNewsApp_Watch_AppTests.swift in Sources */ = {isa = PBXBuildFile; fileRef = 45F7FFB92B2D5DD200171D09 /* MyNewsApp_Watch_AppTests.swift */; };
		45F7FFC42B2D5DD200171D09 /* MyNewsApp_Watch_AppUITests.swift in Sources */ = {isa = PBXBuildFile; fileRef = 45F7FFC32B2D5DD200171D09 /* MyNewsApp_Watch_AppUITests.swift */; };
		45F7FFC62B2D5DD200171D09 /* MyNewsApp_Watch_AppUITestsLaunchTests.swift in Sources */ = {isa = PBXBuildFile; fileRef = 45F7FFC52B2D5DD200171D09 /* MyNewsApp_Watch_AppUITestsLaunchTests.swift */; };
/* End PBXBuildFile section */

/* Begin PBXContainerItemProxy section */
		45F7FF8E2B2D5DD100171D09 /* PBXContainerItemProxy */ = {
			isa = PBXContainerItemProxy;
			containerPortal = 45F7FF752B2D5DCE00171D09 /* Project object */;
			proxyType = 1;
			remoteGlobalIDString = 45F7FF7C2B2D5DCF00171D09;
			remoteInfo = MyNewsApp;
		};
		45F7FF982B2D5DD100171D09 /* PBXContainerItemProxy */ = {
			isa = PBXContainerItemProxy;
			containerPortal = 45F7FF752B2D5DCE00171D09 /* Project object */;
			proxyType = 1;
			remoteGlobalIDString = 45F7FF7C2B2D5DCF00171D09;
			remoteInfo = MyNewsApp;
		};
		45F7FFA52B2D5DD100171D09 /* PBXContainerItemProxy */ = {
			isa = PBXContainerItemProxy;
			containerPortal = 45F7FF752B2D5DCE00171D09 /* Project object */;
			proxyType = 1;
			remoteGlobalIDString = 45F7FFA22B2D5DD100171D09;
			remoteInfo = "MyNewsApp Watch App";
		};
		45F7FFB62B2D5DD200171D09 /* PBXContainerItemProxy */ = {
			isa = PBXContainerItemProxy;
			containerPortal = 45F7FF752B2D5DCE00171D09 /* Project object */;
			proxyType = 1;
			remoteGlobalIDString = 45F7FFA22B2D5DD100171D09;
			remoteInfo = "MyNewsApp Watch App";
		};
		45F7FFC02B2D5DD200171D09 /* PBXContainerItemProxy */ = {
			isa = PBXContainerItemProxy;
			containerPortal = 45F7FF752B2D5DCE00171D09 /* Project object */;
			proxyType = 1;
			remoteGlobalIDString = 45F7FFA22B2D5DD100171D09;
			remoteInfo = "MyNewsApp Watch App";
		};
/* End PBXContainerItemProxy section */

/* Begin PBXCopyFilesBuildPhase section */
		45F7FFCC2B2D5DD200171D09 /* Embed Watch Content */ = {
			isa = PBXCopyFilesBuildPhase;
			buildActionMask = 2147483647;
			dstPath = "$(CONTENTS_FOLDER_PATH)/Watch";
			dstSubfolderSpec = 16;
			files = (
				45F7FFA42B2D5DD100171D09 /* MyNewsApp Watch App.app in Embed Watch Content */,
			);
			name = "Embed Watch Content";
			runOnlyForDeploymentPostprocessing = 0;
		};
/* End PBXCopyFilesBuildPhase section */

/* Begin PBXFileReference section */
		45F7FF7D2B2D5DCF00171D09 /* MyNewsApp.app */ = {isa = PBXFileReference; explicitFileType = wrapper.application; includeInIndex = 0; path = MyNewsApp.app; sourceTree = BUILT_PRODUCTS_DIR; };
		45F7FF802B2D5DCF00171D09 /* MyNewsAppApp.swift */ = {isa = PBXFileReference; lastKnownFileType = sourcecode.swift; path = MyNewsAppApp.swift; sourceTree = "<group>"; };
		45F7FF822B2D5DCF00171D09 /* ContentView.swift */ = {isa = PBXFileReference; lastKnownFileType = sourcecode.swift; path = ContentView.swift; sourceTree = "<group>"; };
		45F7FF842B2D5DD000171D09 /* Assets.xcassets */ = {isa = PBXFileReference; lastKnownFileType = folder.assetcatalog; path = Assets.xcassets; sourceTree = "<group>"; };
		45F7FF872B2D5DD000171D09 /* Preview Assets.xcassets */ = {isa = PBXFileReference; lastKnownFileType = folder.assetcatalog; path = "Preview Assets.xcassets"; sourceTree = "<group>"; };
		45F7FF8D2B2D5DD100171D09 /* MyNewsAppTests.xctest */ = {isa = PBXFileReference; explicitFileType = wrapper.cfbundle; includeInIndex = 0; path = MyNewsAppTests.xctest; sourceTree = BUILT_PRODUCTS_DIR; };
		45F7FF912B2D5DD100171D09 /* MyNewsAppTests.swift */ = {isa = PBXFileReference; lastKnownFileType = sourcecode.swift; path = MyNewsAppTests.swift; sourceTree = "<group>"; };
		45F7FF972B2D5DD100171D09 /* MyNewsAppUITests.xctest */ = {isa = PBXFileReference; explicitFileType = wrapper.cfbundle; includeInIndex = 0; path = MyNewsAppUITests.xctest; sourceTree = BUILT_PRODUCTS_DIR; };
		45F7FF9B2B2D5DD100171D09 /* MyNewsAppUITests.swift */ = {isa = PBXFileReference; lastKnownFileType = sourcecode.swift; path = MyNewsAppUITests.swift; sourceTree = "<group>"; };
		45F7FF9D2B2D5DD100171D09 /* MyNewsAppUITestsLaunchTests.swift */ = {isa = PBXFileReference; lastKnownFileType = sourcecode.swift; path = MyNewsAppUITestsLaunchTests.swift; sourceTree = "<group>"; };
		45F7FFA32B2D5DD100171D09 /* MyNewsApp Watch App.app */ = {isa = PBXFileReference; explicitFileType = wrapper.application; includeInIndex = 0; path = "MyNewsApp Watch App.app"; sourceTree = BUILT_PRODUCTS_DIR; };
		45F7FFA82B2D5DD100171D09 /* MyNewsAppApp.swift */ = {isa = PBXFileReference; lastKnownFileType = sourcecode.swift; path = MyNewsAppApp.swift; sourceTree = "<group>"; };
		45F7FFAA2B2D5DD100171D09 /* ContentView.swift */ = {isa = PBXFileReference; lastKnownFileType = sourcecode.swift; path = ContentView.swift; sourceTree = "<group>"; };
		45F7FFAC2B2D5DD100171D09 /* Assets.xcassets */ = {isa = PBXFileReference; lastKnownFileType = folder.assetcatalog; path = Assets.xcassets; sourceTree = "<group>"; };
		45F7FFAF2B2D5DD100171D09 /* Preview Assets.xcassets */ = {isa = PBXFileReference; lastKnownFileType = folder.assetcatalog; path = "Preview Assets.xcassets"; sourceTree = "<group>"; };
		45F7FFB52B2D5DD200171D09 /* MyNewsApp Watch AppTests.xctest */ = {isa = PBXFileReference; explicitFileType = wrapper.cfbundle; includeInIndex = 0; path = "MyNewsApp Watch AppTests.xctest"; sourceTree = BUILT_PRODUCTS_DIR; };
		45F7FFB92B2D5DD200171D09 /* MyNewsApp_Watch_AppTests.swift */ = {isa = PBXFileReference; lastKnownFileType = sourcecode.swift; path = MyNewsApp_Watch_AppTests.swift; sourceTree = "<group>"; };
		45F7FFBF2B2D5DD200171D09 /* MyNewsApp Watch AppUITests.xctest */ = {isa = PBXFileReference; explicitFileType = wrapper.cfbundle; includeInIndex = 0; path = "MyNewsApp Watch AppUITests.xctest"; sourceTree = BUILT_PRODUCTS_DIR; };
		45F7FFC32B2D5DD200171D09 /* MyNewsApp_Watch_AppUITests.swift */ = {isa = PBXFileReference; lastKnownFileType = sourcecode.swift; path = MyNewsApp_Watch_AppUITests.swift; sourceTree = "<group>"; };
		45F7FFC52B2D5DD200171D09 /* MyNewsApp_Watch_AppUITestsLaunchTests.swift */ = {isa = PBXFileReference; lastKnownFileType = sourcecode.swift; path = MyNewsApp_Watch_AppUITestsLaunchTests.swift; sourceTree = "<group>"; };
/* End PBXFileReference section */

/* Begin PBXFrameworksBuildPhase section */
		45F7FF7A2B2D5DCF00171D09 /* Frameworks */ = {
			isa = PBXFrameworksBuildPhase;
			buildActionMask = 2147483647;
			files = (
			);
			runOnlyForDeploymentPostprocessing = 0;
		};
		45F7FF8A2B2D5DD100171D09 /* Frameworks */ = {
			isa = PBXFrameworksBuildPhase;
			buildActionMask = 2147483647;
			files = (
			);
			runOnlyForDeploymentPostprocessing = 0;
		};
		45F7FF942B2D5DD100171D09 /* Frameworks */ = {
			isa = PBXFrameworksBuildPhase;
			buildActionMask = 2147483647;
			files = (
			);
			runOnlyForDeploymentPostprocessing = 0;
		};
		45F7FFA02B2D5DD100171D09 /* Frameworks */ = {
			isa = PBXFrameworksBuildPhase;
			buildActionMask = 2147483647;
			files = (
			);
			runOnlyForDeploymentPostprocessing = 0;
		};
		45F7FFB22B2D5DD200171D09 /* Frameworks */ = {
			isa = PBXFrameworksBuildPhase;
			buildActionMask = 2147483647;
			files = (
			);
			runOnlyForDeploymentPostprocessing = 0;
		};
		45F7FFBC2B2D5DD200171D09 /* Frameworks */ = {
			isa = PBXFrameworksBuildPhase;
			buildActionMask = 2147483647;
			files = (
			);
			runOnlyForDeploymentPostprocessing = 0;
		};
/* End PBXFrameworksBuildPhase section */

/* Begin PBXGroup section */
		45F7FF742B2D5DCE00171D09 = {
			isa = PBXGroup;
			children = (
				45F7FF7F2B2D5DCF00171D09 /* MyNewsApp */,
				45F7FF902B2D5DD100171D09 /* MyNewsAppTests */,
				45F7FF9A2B2D5DD100171D09 /* MyNewsAppUITests */,
				45F7FFA72B2D5DD100171D09 /* MyNewsApp Watch App */,
				45F7FFB82B2D5DD200171D09 /* MyNewsApp Watch AppTests */,
				45F7FFC22B2D5DD200171D09 /* MyNewsApp Watch AppUITests */,
				45F7FF7E2B2D5DCF00171D09 /* Products */,
			);
			sourceTree = "<group>";
		};
		45F7FF7E2B2D5DCF00171D09 /* Products */ = {
			isa = PBXGroup;
			children = (
				45F7FF7D2B2D5DCF00171D09 /* MyNewsApp.app */,
				45F7FF8D2B2D5DD100171D09 /* MyNewsAppTests.xctest */,
				45F7FF972B2D5DD100171D09 /* MyNewsAppUITests.xctest */,
				45F7FFA32B2D5DD100171D09 /* MyNewsApp Watch App.app */,
				45F7FFB52B2D5DD200171D09 /* MyNewsApp Watch AppTests.xctest */,
				45F7FFBF2B2D5DD200171D09 /* MyNewsApp Watch AppUITests.xctest */,
			);
			name = Products;
			sourceTree = "<group>";
		};
		45F7FF7F2B2D5DCF00171D09 /* MyNewsApp */ = {
			isa = PBXGroup;
			children = (
				45F7FF802B2D5DCF00171D09 /* MyNewsAppApp.swift */,
				45F7FF822B2D5DCF00171D09 /* ContentView.swift */,
				45F7FF842B2D5DD000171D09 /* Assets.xcassets */,
				45F7FF862B2D5DD000171D09 /* Preview Content */,
			);
			path = MyNewsApp;
			sourceTree = "<group>";
		};
		45F7FF862B2D5DD000171D09 /* Preview Content */ = {
			isa = PBXGroup;
			children = (
				45F7FF872B2D5DD000171D09 /* Preview Assets.xcassets */,
			);
			path = "Preview Content";
			sourceTree = "<group>";
		};
		45F7FF902B2D5DD100171D09 /* MyNewsAppTests */ = {
			isa = PBXGroup;
			children = (
				45F7FF912B2D5DD100171D09 /* MyNewsAppTests.swift */,
			);
			path = MyNewsAppTests;
			sourceTree = "<group>";
		};
		45F7FF9A2B2D5DD100171D09 /* MyNewsAppUITests */ = {
			isa = PBXGroup;
			children = (
				45F7FF9B2B2D5DD100171D09 /* MyNewsAppUITests.swift */,
				45F7FF9D2B2D5DD100171D09 /* MyNewsAppUITestsLaunchTests.swift */,
			);
			path = MyNewsAppUITests;
			sourceTree = "<group>";
		};
		45F7FFA72B2D5DD100171D09 /* MyNewsApp Watch App */ = {
			isa = PBXGroup;
			children = (
				45F7FFA82B2D5DD100171D09 /* MyNewsAppApp.swift */,
				45F7FFAA2B2D5DD100171D09 /* ContentView.swift */,
				45F7FFAC2B2D5DD100171D09 /* Assets.xcassets */,
				45F7FFAE2B2D5DD100171D09 /* Preview Content */,
			);
			path = "MyNewsApp Watch App";
			sourceTree = "<group>";
		};
		45F7FFAE2B2D5DD100171D09 /* Preview Content */ = {
			isa = PBXGroup;
			children = (
				45F7FFAF2B2D5DD100171D09 /* Preview Assets.xcassets */,
			);
			path = "Preview Content";
			sourceTree = "<group>";
		};
		45F7FFB82B2D5DD200171D09 /* MyNewsApp Watch AppTests */ = {
			isa = PBXGroup;
			children = (
				45F7FFB92B2D5DD200171D09 /* MyNewsApp_Watch_AppTests.swift */,
			);
			path = "MyNewsApp Watch AppTests";
			sourceTree = "<group>";
		};
		45F7FFC22B2D5DD200171D09 /* MyNewsApp Watch AppUITests */ = {
			isa = PBXGroup;
			children = (
				45F7FFC32B2D5DD200171D09 /* MyNewsApp_Watch_AppUITests.swift */,
				45F7FFC52B2D5DD200171D09 /* MyNewsApp_Watch_AppUITestsLaunchTests.swift */,
			);
			path = "MyNewsApp Watch AppUITests";
			sourceTree = "<group>";
		};
/* End PBXGroup section */

/* Begin PBXNativeTarget section */
		45F7FF7C2B2D5DCF00171D09 /* MyNewsApp */ = {
			isa = PBXNativeTarget;
			buildConfigurationList = 45F7FFCD2B2D5DD200171D09 /* Build configuration list for PBXNativeTarget "MyNewsApp" */;
			buildPhases = (
				45F7FF792B2D5DCF00171D09 /* Sources */,
				45F7FF7A2B2D5DCF00171D09 /* Frameworks */,
				45F7FF7B2B2D5DCF00171D09 /* Resources */,
				45F7FFCC2B2D5DD200171D09 /* Embed Watch Content */,
			);
			buildRules = (
			);
			dependencies = (
				45F7FFA62B2D5DD100171D09 /* PBXTargetDependency */,
			);
			name = MyNewsApp;
			productName = MyNewsApp;
			productReference = 45F7FF7D2B2D5DCF00171D09 /* MyNewsApp.app */;
			productType = "com.apple.product-type.application";
		};
		45F7FF8C2B2D5DD100171D09 /* MyNewsAppTests */ = {
			isa = PBXNativeTarget;
			buildConfigurationList = 45F7FFD02B2D5DD200171D09 /* Build configuration list for PBXNativeTarget "MyNewsAppTests" */;
			buildPhases = (
				45F7FF892B2D5DD100171D09 /* Sources */,
				45F7FF8A2B2D5DD100171D09 /* Frameworks */,
				45F7FF8B2B2D5DD100171D09 /* Resources */,
			);
			buildRules = (
			);
			dependencies = (
				45F7FF8F2B2D5DD100171D09 /* PBXTargetDependency */,
			);
			name = MyNewsAppTests;
			productName = MyNewsAppTests;
			productReference = 45F7FF8D2B2D5DD100171D09 /* MyNewsAppTests.xctest */;
			productType = "com.apple.product-type.bundle.unit-test";
		};
		45F7FF962B2D5DD100171D09 /* MyNewsAppUITests */ = {
			isa = PBXNativeTarget;
			buildConfigurationList = 45F7FFD32B2D5DD200171D09 /* Build configuration list for PBXNativeTarget "MyNewsAppUITests" */;
			buildPhases = (
				45F7FF932B2D5DD100171D09 /* Sources */,
				45F7FF942B2D5DD100171D09 /* Frameworks */,
				45F7FF952B2D5DD100171D09 /* Resources */,
			);
			buildRules = (
			);
			dependencies = (
				45F7FF992B2D5DD100171D09 /* PBXTargetDependency */,
			);
			name = MyNewsAppUITests;
			productName = MyNewsAppUITests;
			productReference = 45F7FF972B2D5DD100171D09 /* MyNewsAppUITests.xctest */;
			productType = "com.apple.product-type.bundle.ui-testing";
		};
		45F7FFA22B2D5DD100171D09 /* MyNewsApp Watch App */ = {
			isa = PBXNativeTarget;
			buildConfigurationList = 45F7FFC92B2D5DD200171D09 /* Build configuration list for PBXNativeTarget "MyNewsApp Watch App" */;
			buildPhases = (
				45F7FF9F2B2D5DD100171D09 /* Sources */,
				45F7FFA02B2D5DD100171D09 /* Frameworks */,
				45F7FFA12B2D5DD100171D09 /* Resources */,
			);
			buildRules = (
			);
			dependencies = (
			);
			name = "MyNewsApp Watch App";
			productName = "MyNewsApp Watch App";
			productReference = 45F7FFA32B2D5DD100171D09 /* MyNewsApp Watch App.app */;
			productType = "com.apple.product-type.application";
		};
		45F7FFB42B2D5DD200171D09 /* MyNewsApp Watch AppTests */ = {
			isa = PBXNativeTarget;
			buildConfigurationList = 45F7FFD62B2D5DD200171D09 /* Build configuration list for PBXNativeTarget "MyNewsApp Watch AppTests" */;
			buildPhases = (
				45F7FFB12B2D5DD200171D09 /* Sources */,
				45F7FFB22B2D5DD200171D09 /* Frameworks */,
				45F7FFB32B2D5DD200171D09 /* Resources */,
			);
			buildRules = (
			);
			dependencies = (
				45F7FFB72B2D5DD200171D09 /* PBXTargetDependency */,
			);
			name = "MyNewsApp Watch AppTests";
			productName = "MyNewsApp Watch AppTests";
			productReference = 45F7FFB52B2D5DD200171D09 /* MyNewsApp Watch AppTests.xctest */;
			productType = "com.apple.product-type.bundle.unit-test";
		};
		45F7FFBE2B2D5DD200171D09 /* MyNewsApp Watch AppUITests */ = {
			isa = PBXNativeTarget;
			buildConfigurationList = 45F7FFD92B2D5DD200171D09 /* Build configuration list for PBXNativeTarget "MyNewsApp Watch AppUITests" */;
			buildPhases = (
				45F7FFBB2B2D5DD200171D09 /* Sources */,
				45F7FFBC2B2D5DD200171D09 /* Frameworks */,
				45F7FFBD2B2D5DD200171D09 /* Resources */,
			);
			buildRules = (
			);
			dependencies = (
				45F7FFC12B2D5DD200171D09 /* PBXTargetDependency */,
			);
			name = "MyNewsApp Watch AppUITests";
			productName = "MyNewsApp Watch AppUITests";
			productReference = 45F7FFBF2B2D5DD200171D09 /* MyNewsApp Watch AppUITests.xctest */;
			productType = "com.apple.product-type.bundle.ui-testing";
		};
/* End PBXNativeTarget section */

/* Begin PBXProject section */
		45F7FF752B2D5DCE00171D09 /* Project object */ = {
			isa = PBXProject;
			attributes = {
				BuildIndependentTargetsInParallel = 1;
				LastSwiftUpdateCheck = 1510;
				LastUpgradeCheck = 1510;
				TargetAttributes = {
					45F7FF7C2B2D5DCF00171D09 = {
						CreatedOnToolsVersion = 15.1;
					};
					45F7FF8C2B2D5DD100171D09 = {
						CreatedOnToolsVersion = 15.1;
						TestTargetID = 45F7FF7C2B2D5DCF00171D09;
					};
					45F7FF962B2D5DD100171D09 = {
						CreatedOnToolsVersion = 15.1;
						TestTargetID = 45F7FF7C2B2D5DCF00171D09;
					};
					45F7FFA22B2D5DD100171D09 = {
						CreatedOnToolsVersion = 15.1;
					};
					45F7FFB42B2D5DD200171D09 = {
						CreatedOnToolsVersion = 15.1;
						TestTargetID = 45F7FFA22B2D5DD100171D09;
					};
					45F7FFBE2B2D5DD200171D09 = {
						CreatedOnToolsVersion = 15.1;
						TestTargetID = 45F7FFA22B2D5DD100171D09;
					};
				};
			};
			buildConfigurationList = 45F7FF782B2D5DCE00171D09 /* Build configuration list for PBXProject "MyNewsApp" */;
			compatibilityVersion = "Xcode 14.0";
			developmentRegion = en;
			hasScannedForEncodings = 0;
			knownRegions = (
				en,
				Base,
			);
			mainGroup = 45F7FF742B2D5DCE00171D09;
			productRefGroup = 45F7FF7E2B2D5DCF00171D09 /* Products */;
			projectDirPath = "";
			projectRoot = "";
			targets = (
				45F7FF7C2B2D5DCF00171D09 /* MyNewsApp */,
				45F7FF8C2B2D5DD100171D09 /* MyNewsAppTests */,
				45F7FF962B2D5DD100171D09 /* MyNewsAppUITests */,
				45F7FFA22B2D5DD100171D09 /* MyNewsApp Watch App */,
				45F7FFB42B2D5DD200171D09 /* MyNewsApp Watch AppTests */,
				45F7FFBE2B2D5DD200171D09 /* MyNewsApp Watch AppUITests */,
			);
		};
/* End PBXProject section */

/* Begin PBXResourcesBuildPhase section */
		45F7FF7B2B2D5DCF00171D09 /* Resources */ = {
			isa = PBXResourcesBuildPhase;
			buildActionMask = 2147483647;
			files = (
				45F7FF882B2D5DD000171D09 /* Preview Assets.xcassets in Resources */,
				45F7FF852B2D5DD000171D09 /* Assets.xcassets in Resources */,
			);
			runOnlyForDeploymentPostprocessing = 0;
		};
		45F7FF8B2B2D5DD100171D09 /* Resources */ = {
			isa = PBXResourcesBuildPhase;
			buildActionMask = 2147483647;
			files = (
			);
			runOnlyForDeploymentPostprocessing = 0;
		};
		45F7FF952B2D5DD100171D09 /* Resources */ = {
			isa = PBXResourcesBuildPhase;
			buildActionMask = 2147483647;
			files = (
			);
			runOnlyForDeploymentPostprocessing = 0;
		};
		45F7FFA12B2D5DD100171D09 /* Resources */ = {
			isa = PBXResourcesBuildPhase;
			buildActionMask = 2147483647;
			files = (
				45F7FFB02B2D5DD100171D09 /* Preview Assets.xcassets in Resources */,
				45F7FFAD2B2D5DD100171D09 /* Assets.xcassets in Resources */,
			);
			runOnlyForDeploymentPostprocessing = 0;
		};
		45F7FFB32B2D5DD200171D09 /* Resources */ = {
			isa = PBXResourcesBuildPhase;
			buildActionMask = 2147483647;
			files = (
			);
			runOnlyForDeploymentPostprocessing = 0;
		};
		45F7FFBD2B2D5DD200171D09 /* Resources */ = {
			isa = PBXResourcesBuildPhase;
			buildActionMask = 2147483647;
			files = (
			);
			runOnlyForDeploymentPostprocessing = 0;
		};
/* End PBXResourcesBuildPhase section */

/* Begin PBXSourcesBuildPhase section */
		45F7FF792B2D5DCF00171D09 /* Sources */ = {
			isa = PBXSourcesBuildPhase;
			buildActionMask = 2147483647;
			files = (
				45F7FF832B2D5DCF00171D09 /* ContentView.swift in Sources */,
				45F7FF812B2D5DCF00171D09 /* MyNewsAppApp.swift in Sources */,
			);
			runOnlyForDeploymentPostprocessing = 0;
		};
		45F7FF892B2D5DD100171D09 /* Sources */ = {
			isa = PBXSourcesBuildPhase;
			buildActionMask = 2147483647;
			files = (
				45F7FF922B2D5DD100171D09 /* MyNewsAppTests.swift in Sources */,
			);
			runOnlyForDeploymentPostprocessing = 0;
		};
		45F7FF932B2D5DD100171D09 /* Sources */ = {
			isa = PBXSourcesBuildPhase;
			buildActionMask = 2147483647;
			files = (
				45F7FF9C2B2D5DD100171D09 /* MyNewsAppUITests.swift in Sources */,
				45F7FF9E2B2D5DD100171D09 /* MyNewsAppUITestsLaunchTests.swift in Sources */,
			);
			runOnlyForDeploymentPostprocessing = 0;
		};
		45F7FF9F2B2D5DD100171D09 /* Sources */ = {
			isa = PBXSourcesBuildPhase;
			buildActionMask = 2147483647;
			files = (
				45F7FFAB2B2D5DD100171D09 /* ContentView.swift in Sources */,
				45F7FFA92B2D5DD100171D09 /* MyNewsAppApp.swift in Sources */,
			);
			runOnlyForDeploymentPostprocessing = 0;
		};
		45F7FFB12B2D5DD200171D09 /* Sources */ = {
			isa = PBXSourcesBuildPhase;
			buildActionMask = 2147483647;
			files = (
				45F7FFBA2B2D5DD200171D09 /* MyNewsApp_Watch_AppTests.swift in Sources */,
			);
			runOnlyForDeploymentPostprocessing = 0;
		};
		45F7FFBB2B2D5DD200171D09 /* Sources */ = {
			isa = PBXSourcesBuildPhase;
			buildActionMask = 2147483647;
			files = (
				45F7FFC42B2D5DD200171D09 /* MyNewsApp_Watch_AppUITests.swift in Sources */,
				45F7FFC62B2D5DD200171D09 /* MyNewsApp_Watch_AppUITestsLaunchTests.swift in Sources */,
			);
			runOnlyForDeploymentPostprocessing = 0;
		};
/* End PBXSourcesBuildPhase section */

/* Begin PBXTargetDependency section */
		45F7FF8F2B2D5DD100171D09 /* PBXTargetDependency */ = {
			isa = PBXTargetDependency;
			target = 45F7FF7C2B2D5DCF00171D09 /* MyNewsApp */;
			targetProxy = 45F7FF8E2B2D5DD100171D09 /* PBXContainerItemProxy */;
		};
		45F7FF992B2D5DD100171D09 /* PBXTargetDependency */ = {
			isa = PBXTargetDependency;
			target = 45F7FF7C2B2D5DCF00171D09 /* MyNewsApp */;
			targetProxy = 45F7FF982B2D5DD100171D09 /* PBXContainerItemProxy */;
		};
		45F7FFA62B2D5DD100171D09 /* PBXTargetDependency */ = {
			isa = PBXTargetDependency;
			target = 45F7FFA22B2D5DD100171D09 /* MyNewsApp Watch App */;
			targetProxy = 45F7FFA52B2D5DD100171D09 /* PBXContainerItemProxy */;
		};
		45F7FFB72B2D5DD200171D09 /* PBXTargetDependency */ = {
			isa = PBXTargetDependency;
			target = 45F7FFA22B2D5DD100171D09 /* MyNewsApp Watch App */;
			targetProxy = 45F7FFB62B2D5DD200171D09 /* PBXContainerItemProxy */;
		};
		45F7FFC12B2D5DD200171D09 /* PBXTargetDependency */ = {
			isa = PBXTargetDependency;
			target = 45F7FFA22B2D5DD100171D09 /* MyNewsApp Watch App */;
			targetProxy = 45F7FFC02B2D5DD200171D09 /* PBXContainerItemProxy */;
		};
/* End PBXTargetDependency section */

/* Begin XCBuildConfiguration section */
		45F7FFC72B2D5DD200171D09 /* Debug */ = {
			isa = XCBuildConfiguration;
			buildSettings = {
				ALWAYS_SEARCH_USER_PATHS = NO;
				ASSETCATALOG_COMPILER_GENERATE_SWIFT_ASSET_SYMBOL_EXTENSIONS = YES;
				CLANG_ANALYZER_NONNULL = YES;
				CLANG_ANALYZER_NUMBER_OBJECT_CONVERSION = YES_AGGRESSIVE;
				CLANG_CXX_LANGUAGE_STANDARD = "gnu++20";
				CLANG_ENABLE_MODULES = YES;
				CLANG_ENABLE_OBJC_ARC = YES;
				CLANG_ENABLE_OBJC_WEAK = YES;
				CLANG_WARN_BLOCK_CAPTURE_AUTORELEASING = YES;
				CLANG_WARN_BOOL_CONVERSION = YES;
				CLANG_WARN_COMMA = YES;
				CLANG_WARN_CONSTANT_CONVERSION = YES;
				CLANG_WARN_DEPRECATED_OBJC_IMPLEMENTATIONS = YES;
				CLANG_WARN_DIRECT_OBJC_ISA_USAGE = YES_ERROR;
				CLANG_WARN_DOCUMENTATION_COMMENTS = YES;
				CLANG_WARN_EMPTY_BODY = YES;
				CLANG_WARN_ENUM_CONVERSION = YES;
				CLANG_WARN_INFINITE_RECURSION = YES;
				CLANG_WARN_INT_CONVERSION = YES;
				CLANG_WARN_NON_LITERAL_NULL_CONVERSION = YES;
				CLANG_WARN_OBJC_IMPLICIT_RETAIN_SELF = YES;
				CLANG_WARN_OBJC_LITERAL_CONVERSION = YES;
				CLANG_WARN_OBJC_ROOT_CLASS = YES_ERROR;
				CLANG_WARN_QUOTED_INCLUDE_IN_FRAMEWORK_HEADER = YES;
				CLANG_WARN_RANGE_LOOP_ANALYSIS = YES;
				CLANG_WARN_STRICT_PROTOTYPES = YES;
				CLANG_WARN_SUSPICIOUS_MOVE = YES;
				CLANG_WARN_UNGUARDED_AVAILABILITY = YES_AGGRESSIVE;
				CLANG_WARN_UNREACHABLE_CODE = YES;
				CLANG_WARN__DUPLICATE_METHOD_MATCH = YES;
				COPY_PHASE_STRIP = NO;
				DEBUG_INFORMATION_FORMAT = dwarf;
				ENABLE_STRICT_OBJC_MSGSEND = YES;
				ENABLE_TESTABILITY = YES;
				ENABLE_USER_SCRIPT_SANDBOXING = YES;
				GCC_C_LANGUAGE_STANDARD = gnu17;
				GCC_DYNAMIC_NO_PIC = NO;
				GCC_NO_COMMON_BLOCKS = YES;
				GCC_OPTIMIZATION_LEVEL = 0;
				GCC_PREPROCESSOR_DEFINITIONS = (
					"DEBUG=1",
					"$(inherited)",
				);
				GCC_WARN_64_TO_32_BIT_CONVERSION = YES;
				GCC_WARN_ABOUT_RETURN_TYPE = YES_ERROR;
				GCC_WARN_UNDECLARED_SELECTOR = YES;
				GCC_WARN_UNINITIALIZED_AUTOS = YES_AGGRESSIVE;
				GCC_WARN_UNUSED_FUNCTION = YES;
				GCC_WARN_UNUSED_VARIABLE = YES;
				LOCALIZATION_PREFERS_STRING_CATALOGS = YES;
				MTL_ENABLE_DEBUG_INFO = INCLUDE_SOURCE;
				MTL_FAST_MATH = YES;
				ONLY_ACTIVE_ARCH = YES;
				SWIFT_ACTIVE_COMPILATION_CONDITIONS = "DEBUG $(inherited)";
				SWIFT_OPTIMIZATION_LEVEL = "-Onone";
			};
			name = Debug;
		};
		45F7FFC82B2D5DD200171D09 /* Release */ = {
			isa = XCBuildConfiguration;
			buildSettings = {
				ALWAYS_SEARCH_USER_PATHS = NO;
				ASSETCATALOG_COMPILER_GENERATE_SWIFT_ASSET_SYMBOL_EXTENSIONS = YES;
				CLANG_ANALYZER_NONNULL = YES;
				CLANG_ANALYZER_NUMBER_OBJECT_CONVERSION = YES_AGGRESSIVE;
				CLANG_CXX_LANGUAGE_STANDARD = "gnu++20";
				CLANG_ENABLE_MODULES = YES;
				CLANG_ENABLE_OBJC_ARC = YES;
				CLANG_ENABLE_OBJC_WEAK = YES;
				CLANG_WARN_BLOCK_CAPTURE_AUTORELEASING = YES;
				CLANG_WARN_BOOL_CONVERSION = YES;
				CLANG_WARN_COMMA = YES;
				CLANG_WARN_CONSTANT_CONVERSION = YES;
				CLANG_WARN_DEPRECATED_OBJC_IMPLEMENTATIONS = YES;
				CLANG_WARN_DIRECT_OBJC_ISA_USAGE = YES_ERROR;
				CLANG_WARN_DOCUMENTATION_COMMENTS = YES;
				CLANG_WARN_EMPTY_BODY = YES;
				CLANG_WARN_ENUM_CONVERSION = YES;
				CLANG_WARN_INFINITE_RECURSION = YES;
				CLANG_WARN_INT_CONVERSION = YES;
				CLANG_WARN_NON_LITERAL_NULL_CONVERSION = YES;
				CLANG_WARN_OBJC_IMPLICIT_RETAIN_SELF = YES;
				CLANG_WARN_OBJC_LITERAL_CONVERSION = YES;
				CLANG_WARN_OBJC_ROOT_CLASS = YES_ERROR;
				CLANG_WARN_QUOTED_INCLUDE_IN_FRAMEWORK_HEADER = YES;
				CLANG_WARN_RANGE_LOOP_ANALYSIS = YES;
				CLANG_WARN_STRICT_PROTOTYPES = YES;
				CLANG_WARN_SUSPICIOUS_MOVE = YES;
				CLANG_WARN_UNGUARDED_AVAILABILITY = YES_AGGRESSIVE;
				CLANG_WARN_UNREACHABLE_CODE = YES;
				CLANG_WARN__DUPLICATE_METHOD_MATCH = YES;
				COPY_PHASE_STRIP = NO;
				DEBUG_INFORMATION_FORMAT = "dwarf-with-dsym";
				ENABLE_NS_ASSERTIONS = NO;
				ENABLE_STRICT_OBJC_MSGSEND = YES;
				ENABLE_USER_SCRIPT_SANDBOXING = YES;
				GCC_C_LANGUAGE_STANDARD = gnu17;
				GCC_NO_COMMON_BLOCKS = YES;
				GCC_WARN_64_TO_32_BIT_CONVERSION = YES;
				GCC_WARN_ABOUT_RETURN_TYPE = YES_ERROR;
				GCC_WARN_UNDECLARED_SELECTOR = YES;
				GCC_WARN_UNINITIALIZED_AUTOS = YES_AGGRESSIVE;
				GCC_WARN_UNUSED_FUNCTION = YES;
				GCC_WARN_UNUSED_VARIABLE = YES;
				LOCALIZATION_PREFERS_STRING_CATALOGS = YES;
				MTL_ENABLE_DEBUG_INFO = NO;
				MTL_FAST_MATH = YES;
				SWIFT_COMPILATION_MODE = wholemodule;
			};
			name = Release;
		};
		45F7FFCA2B2D5DD200171D09 /* Debug */ = {
			isa = XCBuildConfiguration;
			buildSettings = {
				ASSETCATALOG_COMPILER_APPICON_NAME = AppIcon;
				ASSETCATALOG_COMPILER_GLOBAL_ACCENT_COLOR_NAME = AccentColor;
				CODE_SIGN_STYLE = Automatic;
				CURRENT_PROJECT_VERSION = 1;
				DEVELOPMENT_ASSET_PATHS = "\"MyNewsApp Watch App/Preview Content\"";
				DEVELOPMENT_TEAM = HK28SM8BCR;
				ENABLE_PREVIEWS = YES;
				GENERATE_INFOPLIST_FILE = YES;
				INFOPLIST_KEY_CFBundleDisplayName = MyNewsApp;
				INFOPLIST_KEY_UISupportedInterfaceOrientations = "UIInterfaceOrientationPortrait UIInterfaceOrientationPortraitUpsideDown";
				INFOPLIST_KEY_WKCompanionAppBundleIdentifier = original.MyNewsApp;
				LD_RUNPATH_SEARCH_PATHS = (
					"$(inherited)",
					"@executable_path/Frameworks",
				);
				MARKETING_VERSION = 1.0;
				PRODUCT_BUNDLE_IDENTIFIER = original.MyNewsApp.watchkitapp;
				PRODUCT_NAME = "$(TARGET_NAME)";
				SDKROOT = watchos;
				SKIP_INSTALL = YES;
				SWIFT_EMIT_LOC_STRINGS = YES;
				SWIFT_VERSION = 5.0;
				TARGETED_DEVICE_FAMILY = 4;
				WATCHOS_DEPLOYMENT_TARGET = 10.1;
			};
			name = Debug;
		};
		45F7FFCB2B2D5DD200171D09 /* Release */ = {
			isa = XCBuildConfiguration;
			buildSettings = {
				ASSETCATALOG_COMPILER_APPICON_NAME = AppIcon;
				ASSETCATALOG_COMPILER_GLOBAL_ACCENT_COLOR_NAME = AccentColor;
				CODE_SIGN_STYLE = Automatic;
				CURRENT_PROJECT_VERSION = 1;
				DEVELOPMENT_ASSET_PATHS = "\"MyNewsApp Watch App/Preview Content\"";
				DEVELOPMENT_TEAM = HK28SM8BCR;
				ENABLE_PREVIEWS = YES;
				GENERATE_INFOPLIST_FILE = YES;
				INFOPLIST_KEY_CFBundleDisplayName = MyNewsApp;
				INFOPLIST_KEY_UISupportedInterfaceOrientations = "UIInterfaceOrientationPortrait UIInterfaceOrientationPortraitUpsideDown";
				INFOPLIST_KEY_WKCompanionAppBundleIdentifier = original.MyNewsApp;
				LD_RUNPATH_SEARCH_PATHS = (
					"$(inherited)",
					"@executable_path/Frameworks",
				);
				MARKETING_VERSION = 1.0;
				PRODUCT_BUNDLE_IDENTIFIER = original.MyNewsApp.watchkitapp;
				PRODUCT_NAME = "$(TARGET_NAME)";
				SDKROOT = watchos;
				SKIP_INSTALL = YES;
				SWIFT_EMIT_LOC_STRINGS = YES;
				SWIFT_VERSION = 5.0;
				TARGETED_DEVICE_FAMILY = 4;
				VALIDATE_PRODUCT = YES;
				WATCHOS_DEPLOYMENT_TARGET = 10.1;
			};
			name = Release;
		};
		45F7FFCE2B2D5DD200171D09 /* Debug */ = {
			isa = XCBuildConfiguration;
			buildSettings = {
				ALWAYS_EMBED_SWIFT_STANDARD_LIBRARIES = YES;
				ASSETCATALOG_COMPILER_APPICON_NAME = AppIcon;
				ASSETCATALOG_COMPILER_GLOBAL_ACCENT_COLOR_NAME = AccentColor;
				CODE_SIGN_STYLE = Automatic;
				CURRENT_PROJECT_VERSION = 1;
				DEVELOPMENT_ASSET_PATHS = "\"MyNewsApp/Preview Content\"";
				DEVELOPMENT_TEAM = HK28SM8BCR;
				ENABLE_PREVIEWS = YES;
				GENERATE_INFOPLIST_FILE = YES;
				INFOPLIST_KEY_CFBundleDisplayName = MyNewsApp;
				INFOPLIST_KEY_UIApplicationSceneManifest_Generation = YES;
				INFOPLIST_KEY_UIApplicationSupportsIndirectInputEvents = YES;
				INFOPLIST_KEY_UILaunchScreen_Generation = YES;
				INFOPLIST_KEY_UISupportedInterfaceOrientations_iPad = "UIInterfaceOrientationPortrait UIInterfaceOrientationPortraitUpsideDown UIInterfaceOrientationLandscapeLeft UIInterfaceOrientationLandscapeRight";
				INFOPLIST_KEY_UISupportedInterfaceOrientations_iPhone = "UIInterfaceOrientationPortrait UIInterfaceOrientationLandscapeLeft UIInterfaceOrientationLandscapeRight";
				IPHONEOS_DEPLOYMENT_TARGET = 17.1;
				LD_RUNPATH_SEARCH_PATHS = (
					"$(inherited)",
					"@executable_path/Frameworks",
				);
				MARKETING_VERSION = 1.0;
				PRODUCT_BUNDLE_IDENTIFIER = original.MyNewsApp;
				PRODUCT_NAME = "$(TARGET_NAME)";
				SDKROOT = iphoneos;
				SWIFT_EMIT_LOC_STRINGS = YES;
				SWIFT_VERSION = 5.0;
				TARGETED_DEVICE_FAMILY = "1,2";
			};
			name = Debug;
		};
		45F7FFCF2B2D5DD200171D09 /* Release */ = {
			isa = XCBuildConfiguration;
			buildSettings = {
				ALWAYS_EMBED_SWIFT_STANDARD_LIBRARIES = YES;
				ASSETCATALOG_COMPILER_APPICON_NAME = AppIcon;
				ASSETCATALOG_COMPILER_GLOBAL_ACCENT_COLOR_NAME = AccentColor;
				CODE_SIGN_STYLE = Automatic;
				CURRENT_PROJECT_VERSION = 1;
				DEVELOPMENT_ASSET_PATHS = "\"MyNewsApp/Preview Content\"";
				DEVELOPMENT_TEAM = HK28SM8BCR;
				ENABLE_PREVIEWS = YES;
				GENERATE_INFOPLIST_FILE = YES;
				INFOPLIST_KEY_CFBundleDisplayName = MyNewsApp;
				INFOPLIST_KEY_UIApplicationSceneManifest_Generation = YES;
				INFOPLIST_KEY_UIApplicationSupportsIndirectInputEvents = YES;
				INFOPLIST_KEY_UILaunchScreen_Generation = YES;
				INFOPLIST_KEY_UISupportedInterfaceOrientations_iPad = "UIInterfaceOrientationPortrait UIInterfaceOrientationPortraitUpsideDown UIInterfaceOrientationLandscapeLeft UIInterfaceOrientationLandscapeRight";
				INFOPLIST_KEY_UISupportedInterfaceOrientations_iPhone = "UIInterfaceOrientationPortrait UIInterfaceOrientationLandscapeLeft UIInterfaceOrientationLandscapeRight";
				IPHONEOS_DEPLOYMENT_TARGET = 17.1;
				LD_RUNPATH_SEARCH_PATHS = (
					"$(inherited)",
					"@executable_path/Frameworks",
				);
				MARKETING_VERSION = 1.0;
				PRODUCT_BUNDLE_IDENTIFIER = original.MyNewsApp;
				PRODUCT_NAME = "$(TARGET_NAME)";
				SDKROOT = iphoneos;
				SWIFT_EMIT_LOC_STRINGS = YES;
				SWIFT_VERSION = 5.0;
				TARGETED_DEVICE_FAMILY = "1,2";
				VALIDATE_PRODUCT = YES;
			};
			name = Release;
		};
		45F7FFD12B2D5DD200171D09 /* Debug */ = {
			isa = XCBuildConfiguration;
			buildSettings = {
				ALWAYS_EMBED_SWIFT_STANDARD_LIBRARIES = YES;
				BUNDLE_LOADER = "$(TEST_HOST)";
				CODE_SIGN_STYLE = Automatic;
				CURRENT_PROJECT_VERSION = 1;
				DEVELOPMENT_TEAM = HK28SM8BCR;
				GENERATE_INFOPLIST_FILE = YES;
				IPHONEOS_DEPLOYMENT_TARGET = 17.1;
				MARKETING_VERSION = 1.0;
				PRODUCT_BUNDLE_IDENTIFIER = original.MyNewsAppTests;
				PRODUCT_NAME = "$(TARGET_NAME)";
				SDKROOT = iphoneos;
				SWIFT_EMIT_LOC_STRINGS = NO;
				SWIFT_VERSION = 5.0;
				TARGETED_DEVICE_FAMILY = "1,2";
				TEST_HOST = "$(BUILT_PRODUCTS_DIR)/MyNewsApp.app/$(BUNDLE_EXECUTABLE_FOLDER_PATH)/MyNewsApp";
			};
			name = Debug;
		};
		45F7FFD22B2D5DD200171D09 /* Release */ = {
			isa = XCBuildConfiguration;
			buildSettings = {
				ALWAYS_EMBED_SWIFT_STANDARD_LIBRARIES = YES;
				BUNDLE_LOADER = "$(TEST_HOST)";
				CODE_SIGN_STYLE = Automatic;
				CURRENT_PROJECT_VERSION = 1;
				DEVELOPMENT_TEAM = HK28SM8BCR;
				GENERATE_INFOPLIST_FILE = YES;
				IPHONEOS_DEPLOYMENT_TARGET = 17.1;
				MARKETING_VERSION = 1.0;
				PRODUCT_BUNDLE_IDENTIFIER = original.MyNewsAppTests;
				PRODUCT_NAME = "$(TARGET_NAME)";
				SDKROOT = iphoneos;
				SWIFT_EMIT_LOC_STRINGS = NO;
				SWIFT_VERSION = 5.0;
				TARGETED_DEVICE_FAMILY = "1,2";
				TEST_HOST = "$(BUILT_PRODUCTS_DIR)/MyNewsApp.app/$(BUNDLE_EXECUTABLE_FOLDER_PATH)/MyNewsApp";
				VALIDATE_PRODUCT = YES;
			};
			name = Release;
		};
		45F7FFD42B2D5DD200171D09 /* Debug */ = {
			isa = XCBuildConfiguration;
			buildSettings = {
				ALWAYS_EMBED_SWIFT_STANDARD_LIBRARIES = YES;
				CODE_SIGN_STYLE = Automatic;
				CURRENT_PROJECT_VERSION = 1;
				DEVELOPMENT_TEAM = HK28SM8BCR;
				GENERATE_INFOPLIST_FILE = YES;
				IPHONEOS_DEPLOYMENT_TARGET = 17.1;
				MARKETING_VERSION = 1.0;
				PRODUCT_BUNDLE_IDENTIFIER = original.MyNewsAppUITests;
				PRODUCT_NAME = "$(TARGET_NAME)";
				SDKROOT = iphoneos;
				SWIFT_EMIT_LOC_STRINGS = NO;
				SWIFT_VERSION = 5.0;
				TARGETED_DEVICE_FAMILY = "1,2";
				TEST_TARGET_NAME = MyNewsApp;
			};
			name = Debug;
		};
		45F7FFD52B2D5DD200171D09 /* Release */ = {
			isa = XCBuildConfiguration;
			buildSettings = {
				ALWAYS_EMBED_SWIFT_STANDARD_LIBRARIES = YES;
				CODE_SIGN_STYLE = Automatic;
				CURRENT_PROJECT_VERSION = 1;
				DEVELOPMENT_TEAM = HK28SM8BCR;
				GENERATE_INFOPLIST_FILE = YES;
				IPHONEOS_DEPLOYMENT_TARGET = 17.1;
				MARKETING_VERSION = 1.0;
				PRODUCT_BUNDLE_IDENTIFIER = original.MyNewsAppUITests;
				PRODUCT_NAME = "$(TARGET_NAME)";
				SDKROOT = iphoneos;
				SWIFT_EMIT_LOC_STRINGS = NO;
				SWIFT_VERSION = 5.0;
				TARGETED_DEVICE_FAMILY = "1,2";
				TEST_TARGET_NAME = MyNewsApp;
				VALIDATE_PRODUCT = YES;
			};
			name = Release;
		};
		45F7FFD72B2D5DD200171D09 /* Debug */ = {
			isa = XCBuildConfiguration;
			buildSettings = {
				ALWAYS_EMBED_SWIFT_STANDARD_LIBRARIES = YES;
				BUNDLE_LOADER = "$(TEST_HOST)";
				CODE_SIGN_STYLE = Automatic;
				CURRENT_PROJECT_VERSION = 1;
				DEVELOPMENT_TEAM = HK28SM8BCR;
				GENERATE_INFOPLIST_FILE = YES;
				MARKETING_VERSION = 1.0;
				PRODUCT_BUNDLE_IDENTIFIER = "original.MyNewsApp-Watch-AppTests";
				PRODUCT_NAME = "$(TARGET_NAME)";
				SDKROOT = watchos;
				SWIFT_EMIT_LOC_STRINGS = NO;
				SWIFT_VERSION = 5.0;
				TARGETED_DEVICE_FAMILY = 4;
				TEST_HOST = "$(BUILT_PRODUCTS_DIR)/MyNewsApp Watch App.app/$(BUNDLE_EXECUTABLE_FOLDER_PATH)/MyNewsApp Watch App";
				WATCHOS_DEPLOYMENT_TARGET = 10.1;
			};
			name = Debug;
		};
		45F7FFD82B2D5DD200171D09 /* Release */ = {
			isa = XCBuildConfiguration;
			buildSettings = {
				ALWAYS_EMBED_SWIFT_STANDARD_LIBRARIES = YES;
				BUNDLE_LOADER = "$(TEST_HOST)";
				CODE_SIGN_STYLE = Automatic;
				CURRENT_PROJECT_VERSION = 1;
				DEVELOPMENT_TEAM = HK28SM8BCR;
				GENERATE_INFOPLIST_FILE = YES;
				MARKETING_VERSION = 1.0;
				PRODUCT_BUNDLE_IDENTIFIER = "original.MyNewsApp-Watch-AppTests";
				PRODUCT_NAME = "$(TARGET_NAME)";
				SDKROOT = watchos;
				SWIFT_EMIT_LOC_STRINGS = NO;
				SWIFT_VERSION = 5.0;
				TARGETED_DEVICE_FAMILY = 4;
				TEST_HOST = "$(BUILT_PRODUCTS_DIR)/MyNewsApp Watch App.app/$(BUNDLE_EXECUTABLE_FOLDER_PATH)/MyNewsApp Watch App";
				VALIDATE_PRODUCT = YES;
				WATCHOS_DEPLOYMENT_TARGET = 10.1;
			};
			name = Release;
		};
		45F7FFDA2B2D5DD200171D09 /* Debug */ = {
			isa = XCBuildConfiguration;
			buildSettings = {
				ALWAYS_EMBED_SWIFT_STANDARD_LIBRARIES = YES;
				CODE_SIGN_STYLE = Automatic;
				CURRENT_PROJECT_VERSION = 1;
				DEVELOPMENT_TEAM = HK28SM8BCR;
				GENERATE_INFOPLIST_FILE = YES;
				MARKETING_VERSION = 1.0;
				PRODUCT_BUNDLE_IDENTIFIER = "original.MyNewsApp-Watch-AppUITests";
				PRODUCT_NAME = "$(TARGET_NAME)";
				SDKROOT = watchos;
				SWIFT_EMIT_LOC_STRINGS = NO;
				SWIFT_VERSION = 5.0;
				TARGETED_DEVICE_FAMILY = 4;
				TEST_TARGET_NAME = "MyNewsApp Watch App";
				WATCHOS_DEPLOYMENT_TARGET = 10.1;
			};
			name = Debug;
		};
		45F7FFDB2B2D5DD200171D09 /* Release */ = {
			isa = XCBuildConfiguration;
			buildSettings = {
				ALWAYS_EMBED_SWIFT_STANDARD_LIBRARIES = YES;
				CODE_SIGN_STYLE = Automatic;
				CURRENT_PROJECT_VERSION = 1;
				DEVELOPMENT_TEAM = HK28SM8BCR;
				GENERATE_INFOPLIST_FILE = YES;
				MARKETING_VERSION = 1.0;
				PRODUCT_BUNDLE_IDENTIFIER = "original.MyNewsApp-Watch-AppUITests";
				PRODUCT_NAME = "$(TARGET_NAME)";
				SDKROOT = watchos;
				SWIFT_EMIT_LOC_STRINGS = NO;
				SWIFT_VERSION = 5.0;
				TARGETED_DEVICE_FAMILY = 4;
				TEST_TARGET_NAME = "MyNewsApp Watch App";
				VALIDATE_PRODUCT = YES;
				WATCHOS_DEPLOYMENT_TARGET = 10.1;
			};
			name = Release;
		};
/* End XCBuildConfiguration section */

/* Begin XCConfigurationList section */
		45F7FF782B2D5DCE00171D09 /* Build configuration list for PBXProject "MyNewsApp" */ = {
			isa = XCConfigurationList;
			buildConfigurations = (
				45F7FFC72B2D5DD200171D09 /* Debug */,
				45F7FFC82B2D5DD200171D09 /* Release */,
			);
			defaultConfigurationIsVisible = 0;
			defaultConfigurationName = Release;
		};
		45F7FFC92B2D5DD200171D09 /* Build configuration list for PBXNativeTarget "MyNewsApp Watch App" */ = {
			isa = XCConfigurationList;
			buildConfigurations = (
				45F7FFCA2B2D5DD200171D09 /* Debug */,
				45F7FFCB2B2D5DD200171D09 /* Release */,
			);
			defaultConfigurationIsVisible = 0;
			defaultConfigurationName = Release;
		};
		45F7FFCD2B2D5DD200171D09 /* Build configuration list for PBXNativeTarget "MyNewsApp" */ = {
			isa = XCConfigurationList;
			buildConfigurations = (
				45F7FFCE2B2D5DD200171D09 /* Debug */,
				45F7FFCF2B2D5DD200171D09 /* Release */,
			);
			defaultConfigurationIsVisible = 0;
			defaultConfigurationName = Release;
		};
		45F7FFD02B2D5DD200171D09 /* Build configuration list for PBXNativeTarget "MyNewsAppTests" */ = {
			isa = XCConfigurationList;
			buildConfigurations = (
				45F7FFD12B2D5DD200171D09 /* Debug */,
				45F7FFD22B2D5DD200171D09 /* Release */,
			);
			defaultConfigurationIsVisible = 0;
			defaultConfigurationName = Release;
		};
		45F7FFD32B2D5DD200171D09 /* Build configuration list for PBXNativeTarget "MyNewsAppUITests" */ = {
			isa = XCConfigurationList;
			buildConfigurations = (
				45F7FFD42B2D5DD200171D09 /* Debug */,
				45F7FFD52B2D5DD200171D09 /* Release */,
			);
			defaultConfigurationIsVisible = 0;
			defaultConfigurationName = Release;
		};
		45F7FFD62B2D5DD200171D09 /* Build configuration list for PBXNativeTarget "MyNewsApp Watch AppTests" */ = {
			isa = XCConfigurationList;
			buildConfigurations = (
				45F7FFD72B2D5DD200171D09 /* Debug */,
				45F7FFD82B2D5DD200171D09 /* Release */,
			);
			defaultConfigurationIsVisible = 0;
			defaultConfigurationName = Release;
		};
		45F7FFD92B2D5DD200171D09 /* Build configuration list for PBXNativeTarget "MyNewsApp Watch AppUITests" */ = {
			isa = XCConfigurationList;
			buildConfigurations = (
				45F7FFDA2B2D5DD200171D09 /* Debug */,
				45F7FFDB2B2D5DD200171D09 /* Release */,
			);
			defaultConfigurationIsVisible = 0;
			defaultConfigurationName = Release;
		};
/* End XCConfigurationList section */
	};
	rootObject = 45F7FF752B2D5DCE00171D09 /* Project object */;
}
